
Microsoft Visual Studio Solution File, Format Version 12.00
# Visual Studio Version 17
VisualStudioVersion = 17.2.32516.85
MinimumVisualStudioVersion = 10.0.40219.1
Project("{FAE04EC0-301F-11D3-BF4B-00C04F79EFBC}") = "GitApplication123", "GitApplication123\GitApplication123.csproj", "{BA7DBB20-1FF0-4032-B01B-AF0A72CF9AE1}"
EndProject
Global
	GlobalSection(SolutionConfigurationPlatforms) = preSolution
		Debug|Any CPU = Debug|Any CPU
		Release|Any CPU = Release|Any CPU
	EndGlobalSection
	GlobalSection(ProjectConfigurationPlatforms) = postSolution
		{BA7DBB20-1FF0-4032-B01B-AF0A72CF9AE1}.Debug|Any CPU.ActiveCfg = Debug|Any CPU
		{BA7DBB20-1FF0-4032-B01B-AF0A72CF9AE1}.Debug|Any CPU.Build.0 = Debug|Any CPU
		{BA7DBB20-1FF0-4032-B01B-AF0A72CF9AE1}.Release|Any CPU.ActiveCfg = Release|Any CPU
		{BA7DBB20-1FF0-4032-B01B-AF0A72CF9AE1}.Release|Any CPU.Build.0 = Release|Any CPU
	EndGlobalSection
	GlobalSection(SolutionProperties) = preSolution
		HideSolutionNode = FALSE
	EndGlobalSection
	GlobalSection(ExtensibilityGlobals) = postSolution
		SolutionGuid = {BB9C1F51-A44A-4B69-9EC4-BA5523912194}
	EndGlobalSection
EndGlobal
